
Microsoft Visual Studio Solution File, Format Version 12.00
# Visual Studio Version 17
VisualStudioVersion = 17.3.32804.467
MinimumVisualStudioVersion = 10.0.40219.1
Project("{FAE04EC0-301F-11D3-BF4B-00C04F79EFBC}") = "AuditNetTest", "AuditNetTest.csproj", "{2870B68D-0590-4146-AC7D-832F93D7CE79}"
EndProject
Global
	GlobalSection(SolutionConfigurationPlatforms) = preSolution
		Debug|Any CPU = Debug|Any CPU
		Release|Any CPU = Release|Any CPU
	EndGlobalSection
	GlobalSection(ProjectConfigurationPlatforms) = postSolution
		{2870B68D-0590-4146-AC7D-832F93D7CE79}.Debug|Any CPU.ActiveCfg = Debug|Any CPU
		{2870B68D-0590-4146-AC7D-832F93D7CE79}.Debug|Any CPU.Build.0 = Debug|Any CPU
		{2870B68D-0590-4146-AC7D-832F93D7CE79}.Release|Any CPU.ActiveCfg = Release|Any CPU
		{2870B68D-0590-4146-AC7D-832F93D7CE79}.Release|Any CPU.Build.0 = Release|Any CPU
	EndGlobalSection
	GlobalSection(SolutionProperties) = preSolution
		HideSolutionNode = FALSE
	EndGlobalSection
	GlobalSection(ExtensibilityGlobals) = postSolution
		SolutionGuid = {F5882E84-20C2-4348-B016-F17B5FE51A71}
	EndGlobalSection
EndGlobal
